// !$*UTF8*$!
{
	archiveVersion = 1;
	classes = {
	};
	objectVersion = 46;
	objects = {

/* Begin PBXBuildFile section */
		D1D599951AEFE9ED001E537C /* main.m in Sources */ = {isa = PBXBuildFile; fileRef = D1D599941AEFE9ED001E537C /* main.m */; };
		D1D599981AEFE9ED001E537C /* AppDelegate.m in Sources */ = {isa = PBXBuildFile; fileRef = D1D599971AEFE9ED001E537C /* AppDelegate.m */; };
		D1D5999B1AEFE9ED001E537C /* Conti_Push.xcdatamodeld in Sources */ = {isa = PBXBuildFile; fileRef = D1D599991AEFE9ED001E537C /* Conti_Push.xcdatamodeld */; };
		D1D5999E1AEFE9ED001E537C /* ViewController.m in Sources */ = {isa = PBXBuildFile; fileRef = D1D5999D1AEFE9ED001E537C /* ViewController.m */; };
		D1D599A11AEFE9ED001E537C /* Main.storyboard in Resources */ = {isa = PBXBuildFile; fileRef = D1D5999F1AEFE9ED001E537C /* Main.storyboard */; };
		D1D599A31AEFE9ED001E537C /* Images.xcassets in Resources */ = {isa = PBXBuildFile; fileRef = D1D599A21AEFE9ED001E537C /* Images.xcassets */; };
		D1D599A61AEFE9ED001E537C /* LaunchScreen.xib in Resources */ = {isa = PBXBuildFile; fileRef = D1D599A41AEFE9ED001E537C /* LaunchScreen.xib */; };
		D1D599B21AEFE9ED001E537C /* Conti_PushTests.m in Sources */ = {isa = PBXBuildFile; fileRef = D1D599B11AEFE9ED001E537C /* Conti_PushTests.m */; };
/* End PBXBuildFile section */

/* Begin PBXContainerItemProxy section */
		D1D599AC1AEFE9ED001E537C /* PBXContainerItemProxy */ = {
			isa = PBXContainerItemProxy;
			containerPortal = D1D599871AEFE9ED001E537C /* Project object */;
			proxyType = 1;
			remoteGlobalIDString = D1D5998E1AEFE9ED001E537C;
			remoteInfo = "Conti-Push";
		};
/* End PBXContainerItemProxy section */

/* Begin PBXFileReference section */
		D1D5998F1AEFE9ED001E537C /* Conti-Push.app */ = {isa = PBXFileReference; explicitFileType = wrapper.application; includeInIndex = 0; path = "Conti-Push.app"; sourceTree = BUILT_PRODUCTS_DIR; };
		D1D599931AEFE9ED001E537C /* Info.plist */ = {isa = PBXFileReference; lastKnownFileType = text.plist.xml; path = Info.plist; sourceTree = "<group>"; };
		D1D599941AEFE9ED001E537C /* main.m */ = {isa = PBXFileReference; lastKnownFileType = sourcecode.c.objc; path = main.m; sourceTree = "<group>"; };
		D1D599961AEFE9ED001E537C /* AppDelegate.h */ = {isa = PBXFileReference; lastKnownFileType = sourcecode.c.h; path = AppDelegate.h; sourceTree = "<group>"; };
		D1D599971AEFE9ED001E537C /* AppDelegate.m */ = {isa = PBXFileReference; lastKnownFileType = sourcecode.c.objc; path = AppDelegate.m; sourceTree = "<group>"; };
		D1D5999A1AEFE9ED001E537C /* Conti_Push.xcdatamodel */ = {isa = PBXFileReference; lastKnownFileType = wrapper.xcdatamodel; path = Conti_Push.xcdatamodel; sourceTree = "<group>"; };
		D1D5999C1AEFE9ED001E537C /* ViewController.h */ = {isa = PBXFileReference; lastKnownFileType = sourcecode.c.h; path = ViewController.h; sourceTree = "<group>"; };
		D1D5999D1AEFE9ED001E537C /* ViewController.m */ = {isa = PBXFileReference; lastKnownFileType = sourcecode.c.objc; path = ViewController.m; sourceTree = "<group>"; };
		D1D599A01AEFE9ED001E537C /* Base */ = {isa = PBXFileReference; lastKnownFileType = file.storyboard; name = Base; path = Base.lproj/Main.storyboard; sourceTree = "<group>"; };
		D1D599A21AEFE9ED001E537C /* Images.xcassets */ = {isa = PBXFileReference; lastKnownFileType = folder.assetcatalog; path = Images.xcassets; sourceTree = "<group>"; };
		D1D599A51AEFE9ED001E537C /* Base */ = {isa = PBXFileReference; lastKnownFileType = file.xib; name = Base; path = Base.lproj/LaunchScreen.xib; sourceTree = "<group>"; };
		D1D599AB1AEFE9ED001E537C /* Conti-PushTests.xctest */ = {isa = PBXFileReference; explicitFileType = wrapper.cfbundle; includeInIndex = 0; path = "Conti-PushTests.xctest"; sourceTree = BUILT_PRODUCTS_DIR; };
		D1D599B01AEFE9ED001E537C /* Info.plist */ = {isa = PBXFileReference; lastKnownFileType = text.plist.xml; path = Info.plist; sourceTree = "<group>"; };
		D1D599B11AEFE9ED001E537C /* Conti_PushTests.m */ = {isa = PBXFileReference; lastKnownFileType = sourcecode.c.objc; path = Conti_PushTests.m; sourceTree = "<group>"; };
/* End PBXFileReference section */

/* Begin PBXFrameworksBuildPhase section */
		D1D5998C1AEFE9ED001E537C /* Frameworks */ = {
			isa = PBXFrameworksBuildPhase;
			buildActionMask = 2147483647;
			files = (
			);
			runOnlyForDeploymentPostprocessing = 0;
		};
		D1D599A81AEFE9ED001E537C /* Frameworks */ = {
			isa = PBXFrameworksBuildPhase;
			buildActionMask = 2147483647;
			files = (
			);
			runOnlyForDeploymentPostprocessing = 0;
		};
/* End PBXFrameworksBuildPhase section */

/* Begin PBXGroup section */
		D1D599861AEFE9ED001E537C = {
			isa = PBXGroup;
			children = (
				D1D599911AEFE9ED001E537C /* Conti-Push */,
				D1D599AE1AEFE9ED001E537C /* Conti-PushTests */,
				D1D599901AEFE9ED001E537C /* Products */,
			);
			sourceTree = "<group>";
		};
		D1D599901AEFE9ED001E537C /* Products */ = {
			isa = PBXGroup;
			children = (
				D1D5998F1AEFE9ED001E537C /* Conti-Push.app */,
				D1D599AB1AEFE9ED001E537C /* Conti-PushTests.xctest */,
			);
			name = Products;
			sourceTree = "<group>";
		};
		D1D599911AEFE9ED001E537C /* Conti-Push */ = {
			isa = PBXGroup;
			children = (
				D1D599961AEFE9ED001E537C /* AppDelegate.h */,
				D1D599971AEFE9ED001E537C /* AppDelegate.m */,
				D1D5999C1AEFE9ED001E537C /* ViewController.h */,
				D1D5999D1AEFE9ED001E537C /* ViewController.m */,
				D1D5999F1AEFE9ED001E537C /* Main.storyboard */,
				D1D599A21AEFE9ED001E537C /* Images.xcassets */,
				D1D599A41AEFE9ED001E537C /* LaunchScreen.xib */,
				D1D599991AEFE9ED001E537C /* Conti_Push.xcdatamodeld */,
				D1D599921AEFE9ED001E537C /* Supporting Files */,
			);
			path = "Conti-Push";
			sourceTree = "<group>";
		};
		D1D599921AEFE9ED001E537C /* Supporting Files */ = {
			isa = PBXGroup;
			children = (
				D1D599931AEFE9ED001E537C /* Info.plist */,
				D1D599941AEFE9ED001E537C /* main.m */,
			);
			name = "Supporting Files";
			sourceTree = "<group>";
		};
		D1D599AE1AEFE9ED001E537C /* Conti-PushTests */ = {
			isa = PBXGroup;
			children = (
				D1D599B11AEFE9ED001E537C /* Conti_PushTests.m */,
				D1D599AF1AEFE9ED001E537C /* Supporting Files */,
			);
			path = "Conti-PushTests";
			sourceTree = "<group>";
		};
		D1D599AF1AEFE9ED001E537C /* Supporting Files */ = {
			isa = PBXGroup;
			children = (
				D1D599B01AEFE9ED001E537C /* Info.plist */,
			);
			name = "Supporting Files";
			sourceTree = "<group>";
		};
/* End PBXGroup section */

/* Begin PBXNativeTarget section */
		D1D5998E1AEFE9ED001E537C /* Conti-Push */ = {
			isa = PBXNativeTarget;
			buildConfigurationList = D1D599B51AEFE9ED001E537C /* Build configuration list for PBXNativeTarget "Conti-Push" */;
			buildPhases = (
				D1D5998B1AEFE9ED001E537C /* Sources */,
				D1D5998C1AEFE9ED001E537C /* Frameworks */,
				D1D5998D1AEFE9ED001E537C /* Resources */,
			);
			buildRules = (
			);
			dependencies = (
			);
			name = "Conti-Push";
			productName = "Conti-Push";
			productReference = D1D5998F1AEFE9ED001E537C /* Conti-Push.app */;
			productType = "com.apple.product-type.application";
		};
		D1D599AA1AEFE9ED001E537C /* Conti-PushTests */ = {
			isa = PBXNativeTarget;
			buildConfigurationList = D1D599B81AEFE9ED001E537C /* Build configuration list for PBXNativeTarget "Conti-PushTests" */;
			buildPhases = (
				D1D599A71AEFE9ED001E537C /* Sources */,
				D1D599A81AEFE9ED001E537C /* Frameworks */,
				D1D599A91AEFE9ED001E537C /* Resources */,
			);
			buildRules = (
			);
			dependencies = (
				D1D599AD1AEFE9ED001E537C /* PBXTargetDependency */,
			);
			name = "Conti-PushTests";
			productName = "Conti-PushTests";
			productReference = D1D599AB1AEFE9ED001E537C /* Conti-PushTests.xctest */;
			productType = "com.apple.product-type.bundle.unit-test";
		};
/* End PBXNativeTarget section */

/* Begin PBXProject section */
		D1D599871AEFE9ED001E537C /* Project object */ = {
			isa = PBXProject;
			attributes = {
				LastUpgradeCheck = 0630;
				ORGANIZATIONNAME = Smartplace;
				TargetAttributes = {
					D1D5998E1AEFE9ED001E537C = {
						CreatedOnToolsVersion = 6.3;
					};
					D1D599AA1AEFE9ED001E537C = {
						CreatedOnToolsVersion = 6.3;
						TestTargetID = D1D5998E1AEFE9ED001E537C;
					};
				};
			};
			buildConfigurationList = D1D5998A1AEFE9ED001E537C /* Build configuration list for PBXProject "Conti-Push" */;
			compatibilityVersion = "Xcode 3.2";
			developmentRegion = English;
			hasScannedForEncodings = 0;
			knownRegions = (
				en,
				Base,
			);
			mainGroup = D1D599861AEFE9ED001E537C;
			productRefGroup = D1D599901AEFE9ED001E537C /* Products */;
			projectDirPath = "";
			projectRoot = "";
			targets = (
				D1D5998E1AEFE9ED001E537C /* Conti-Push */,
				D1D599AA1AEFE9ED001E537C /* Conti-PushTests */,
			);
		};
/* End PBXProject section */

/* Begin PBXResourcesBuildPhase section */
		D1D5998D1AEFE9ED001E537C /* Resources */ = {
			isa = PBXResourcesBuildPhase;
			buildActionMask = 2147483647;
			files = (
				D1D599A11AEFE9ED001E537C /* Main.storyboard in Resources */,
				D1D599A61AEFE9ED001E537C /* LaunchScreen.xib in Resources */,
				D1D599A31AEFE9ED001E537C /* Images.xcassets in Resources */,
			);
			runOnlyForDeploymentPostprocessing = 0;
		};
		D1D599A91AEFE9ED001E537C /* Resources */ = {
			isa = PBXResourcesBuildPhase;
			buildActionMask = 2147483647;
			files = (
			);
			runOnlyForDeploymentPostprocessing = 0;
		};
/* End PBXResourcesBuildPhase section */

/* Begin PBXSourcesBuildPhase section */
		D1D5998B1AEFE9ED001E537C /* Sources */ = {
			isa = PBXSourcesBuildPhase;
			buildActionMask = 2147483647;
			files = (
				D1D599981AEFE9ED001E537C /* AppDelegate.m in Sources */,
				D1D5999B1AEFE9ED001E537C /* Conti_Push.xcdatamodeld in Sources */,
				D1D5999E1AEFE9ED001E537C /* ViewController.m in Sources */,
				D1D599951AEFE9ED001E537C /* main.m in Sources */,
			);
			runOnlyForDeploymentPostprocessing = 0;
		};
		D1D599A71AEFE9ED001E537C /* Sources */ = {
			isa = PBXSourcesBuildPhase;
			buildActionMask = 2147483647;
			files = (
				D1D599B21AEFE9ED001E537C /* Conti_PushTests.m in Sources */,
			);
			runOnlyForDeploymentPostprocessing = 0;
		};
/* End PBXSourcesBuildPhase section */

/* Begin PBXTargetDependency section */
		D1D599AD1AEFE9ED001E537C /* PBXTargetDependency */ = {
			isa = PBXTargetDependency;
			target = D1D5998E1AEFE9ED001E537C /* Conti-Push */;
			targetProxy = D1D599AC1AEFE9ED001E537C /* PBXContainerItemProxy */;
		};
/* End PBXTargetDependency section */

/* Begin PBXVariantGroup section */
		D1D5999F1AEFE9ED001E537C /* Main.storyboard */ = {
			isa = PBXVariantGroup;
			children = (
				D1D599A01AEFE9ED001E537C /* Base */,
			);
			name = Main.storyboard;
			sourceTree = "<group>";
		};
		D1D599A41AEFE9ED001E537C /* LaunchScreen.xib */ = {
			isa = PBXVariantGroup;
			children = (
				D1D599A51AEFE9ED001E537C /* Base */,
			);
			name = LaunchScreen.xib;
			sourceTree = "<group>";
		};
/* End PBXVariantGroup section */

/* Begin XCBuildConfiguration section */
		D1D599B31AEFE9ED001E537C /* Debug */ = {
			isa = XCBuildConfiguration;
			buildSettings = {
				ALWAYS_SEARCH_USER_PATHS = NO;
				CLANG_CXX_LANGUAGE_STANDARD = "gnu++0x";
				CLANG_CXX_LIBRARY = "libc++";
				CLANG_ENABLE_MODULES = YES;
				CLANG_ENABLE_OBJC_ARC = YES;
				CLANG_WARN_BOOL_CONVERSION = YES;
				CLANG_WARN_CONSTANT_CONVERSION = YES;
				CLANG_WARN_DIRECT_OBJC_ISA_USAGE = YES_ERROR;
				CLANG_WARN_EMPTY_BODY = YES;
				CLANG_WARN_ENUM_CONVERSION = YES;
				CLANG_WARN_INT_CONVERSION = YES;
				CLANG_WARN_OBJC_ROOT_CLASS = YES_ERROR;
				CLANG_WARN_UNREACHABLE_CODE = YES;
				CLANG_WARN__DUPLICATE_METHOD_MATCH = YES;
				"CODE_SIGN_IDENTITY[sdk=iphoneos*]" = "iPhone Developer";
				COPY_PHASE_STRIP = NO;
				DEBUG_INFORMATION_FORMAT = "dwarf-with-dsym";
				ENABLE_STRICT_OBJC_MSGSEND = YES;
				GCC_C_LANGUAGE_STANDARD = gnu99;
				GCC_DYNAMIC_NO_PIC = NO;
				GCC_NO_COMMON_BLOCKS = YES;
				GCC_OPTIMIZATION_LEVEL = 0;
				GCC_PREPROCESSOR_DEFINITIONS = (
					"DEBUG=1",
					"$(inherited)",
				);
				GCC_SYMBOLS_PRIVATE_EXTERN = NO;
				GCC_WARN_64_TO_32_BIT_CONVERSION = YES;
				GCC_WARN_ABOUT_RETURN_TYPE = YES_ERROR;
				GCC_WARN_UNDECLARED_SELECTOR = YES;
				GCC_WARN_UNINITIALIZED_AUTOS = YES_AGGRESSIVE;
				GCC_WARN_UNUSED_FUNCTION = YES;
				GCC_WARN_UNUSED_VARIABLE = YES;
				IPHONEOS_DEPLOYMENT_TARGET = 8.3;
				MTL_ENABLE_DEBUG_INFO = YES;
				ONLY_ACTIVE_ARCH = YES;
				SDKROOT = iphoneos;
			};
			name = Debug;
		};
		D1D599B41AEFE9ED001E537C /* Release */ = {
			isa = XCBuildConfiguration;
			buildSettings = {
				ALWAYS_SEARCH_USER_PATHS = NO;
				CLANG_CXX_LANGUAGE_STANDARD = "gnu++0x";
				CLANG_CXX_LIBRARY = "libc++";
				CLANG_ENABLE_MODULES = YES;
				CLANG_ENABLE_OBJC_ARC = YES;
				CLANG_WARN_BOOL_CONVERSION = YES;
				CLANG_WARN_CONSTANT_CONVERSION = YES;
				CLANG_WARN_DIRECT_OBJC_ISA_USAGE = YES_ERROR;
				CLANG_WARN_EMPTY_BODY = YES;
				CLANG_WARN_ENUM_CONVERSION = YES;
				CLANG_WARN_INT_CONVERSION = YES;
				CLANG_WARN_OBJC_ROOT_CLASS = YES_ERROR;
				CLANG_WARN_UNREACHABLE_CODE = YES;
				CLANG_WARN__DUPLICATE_METHOD_MATCH = YES;
				"CODE_SIGN_IDENTITY[sdk=iphoneos*]" = "iPhone Developer";
				COPY_PHASE_STRIP = NO;
				DEBUG_INFORMATION_FORMAT = "dwarf-with-dsym";
				ENABLE_NS_ASSERTIONS = NO;
				ENABLE_STRICT_OBJC_MSGSEND = YES;
				GCC_C_LANGUAGE_STANDARD = gnu99;
				GCC_NO_COMMON_BLOCKS = YES;
				GCC_WARN_64_TO_32_BIT_CONVERSION = YES;
				GCC_WARN_ABOUT_RETURN_TYPE = YES_ERROR;
				GCC_WARN_UNDECLARED_SELECTOR = YES;
				GCC_WARN_UNINITIALIZED_AUTOS = YES_AGGRESSIVE;
				GCC_WARN_UNUSED_FUNCTION = YES;
				GCC_WARN_UNUSED_VARIABLE = YES;
				IPHONEOS_DEPLOYMENT_TARGET = 8.3;
				MTL_ENABLE_DEBUG_INFO = NO;
				SDKROOT = iphoneos;
				VALIDATE_PRODUCT = YES;
			};
			name = Release;
		};
		D1D599B61AEFE9ED001E537C /* Debug */ = {
			isa = XCBuildConfiguration;
			buildSettings = {
				ASSETCATALOG_COMPILER_APPICON_NAME = AppIcon;
				INFOPLIST_FILE = "Conti-Push/Info.plist";
				LD_RUNPATH_SEARCH_PATHS = "$(inherited) @executable_path/Frameworks";
				PRODUCT_NAME = "$(TARGET_NAME)";
			};
			name = Debug;
		};
		D1D599B71AEFE9ED001E537C /* Release */ = {
			isa = XCBuildConfiguration;
			buildSettings = {
				ASSETCATALOG_COMPILER_APPICON_NAME = AppIcon;
				INFOPLIST_FILE = "Conti-Push/Info.plist";
				LD_RUNPATH_SEARCH_PATHS = "$(inherited) @executable_path/Frameworks";
				PRODUCT_NAME = "$(TARGET_NAME)";
			};
			name = Release;
		};
		D1D599B91AEFE9ED001E537C /* Debug */ = {
			isa = XCBuildConfiguration;
			buildSettings = {
				BUNDLE_LOADER = "$(TEST_HOST)";
				FRAMEWORK_SEARCH_PATHS = (
					"$(SDKROOT)/Developer/Library/Frameworks",
					"$(inherited)",
				);
				GCC_PREPROCESSOR_DEFINITIONS = (
					"DEBUG=1",
					"$(inherited)",
				);
				INFOPLIST_FILE = "Conti-PushTests/Info.plist";
				LD_RUNPATH_SEARCH_PATHS = "$(inherited) @executable_path/Frameworks @loader_path/Frameworks";
				PRODUCT_NAME = "$(TARGET_NAME)";
				TEST_HOST = "$(BUILT_PRODUCTS_DIR)/Conti-Push.app/Conti-Push";
			};
			name = Debug;
		};
		D1D599BA1AEFE9ED001E537C /* Release */ = {
			isa = XCBuildConfiguration;
			buildSettings = {
				BUNDLE_LOADER = "$(TEST_HOST)";
				FRAMEWORK_SEARCH_PATHS = (
					"$(SDKROOT)/Developer/Library/Frameworks",
					"$(inherited)",
				);
				INFOPLIST_FILE = "Conti-PushTests/Info.plist";
				LD_RUNPATH_SEARCH_PATHS = "$(inherited) @executable_path/Frameworks @loader_path/Frameworks";
				PRODUCT_NAME = "$(TARGET_NAME)";
				TEST_HOST = "$(BUILT_PRODUCTS_DIR)/Conti-Push.app/Conti-Push";
			};
			name = Release;
		};
/* End XCBuildConfiguration section */

/* Begin XCConfigurationList section */
		D1D5998A1AEFE9ED001E537C /* Build configuration list for PBXProject "Conti-Push" */ = {
			isa = XCConfigurationList;
			buildConfigurations = (
				D1D599B31AEFE9ED001E537C /* Debug */,
				D1D599B41AEFE9ED001E537C /* Release */,
			);
			defaultConfigurationIsVisible = 0;
			defaultConfigurationName = Release;
		};
		D1D599B51AEFE9ED001E537C /* Build configuration list for PBXNativeTarget "Conti-Push" */ = {
			isa = XCConfigurationList;
			buildConfigurations = (
				D1D599B61AEFE9ED001E537C /* Debug */,
				D1D599B71AEFE9ED001E537C /* Release */,
			);
			defaultConfigurationIsVisible = 0;
		};
		D1D599B81AEFE9ED001E537C /* Build configuration list for PBXNativeTarget "Conti-PushTests" */ = {
			isa = XCConfigurationList;
			buildConfigurations = (
				D1D599B91AEFE9ED001E537C /* Debug */,
				D1D599BA1AEFE9ED001E537C /* Release */,
			);
			defaultConfigurationIsVisible = 0;
		};
/* End XCConfigurationList section */

/* Begin XCVersionGroup section */
		D1D599991AEFE9ED001E537C /* Conti_Push.xcdatamodeld */ = {
			isa = XCVersionGroup;
			children = (
				D1D5999A1AEFE9ED001E537C /* Conti_Push.xcdatamodel */,
			);
			currentVersion = D1D5999A1AEFE9ED001E537C /* Conti_Push.xcdatamodel */;
			path = Conti_Push.xcdatamodeld;
			sourceTree = "<group>";
			versionGroupType = wrapper.xcdatamodel;
		};
/* End XCVersionGroup section */
	};
	rootObject = D1D599871AEFE9ED001E537C /* Project object */;
}
